
Microsoft Visual Studio Solution File, Format Version 12.00
# Visual Studio 15
VisualStudioVersion = 15.0.28307.1500
MinimumVisualStudioVersion = 10.0.40219.1
Project("{FAE04EC0-301F-11D3-BF4B-00C04F79EFBC}") = "DNetCore_2_1_Training", "DNetCore_2_1_Training\DNetCore_2_1_Training.csproj", "{66FE31C2-8CD4-48A3-A084-EB637C7C6910}"
EndProject
Global
	GlobalSection(SolutionConfigurationPlatforms) = preSolution
		Debug|Any CPU = Debug|Any CPU
		Release|Any CPU = Release|Any CPU
	EndGlobalSection
	GlobalSection(ProjectConfigurationPlatforms) = postSolution
		{66FE31C2-8CD4-48A3-A084-EB637C7C6910}.Debug|Any CPU.ActiveCfg = Debug|Any CPU
		{66FE31C2-8CD4-48A3-A084-EB637C7C6910}.Debug|Any CPU.Build.0 = Debug|Any CPU
		{66FE31C2-8CD4-48A3-A084-EB637C7C6910}.Release|Any CPU.ActiveCfg = Release|Any CPU
		{66FE31C2-8CD4-48A3-A084-EB637C7C6910}.Release|Any CPU.Build.0 = Release|Any CPU
	EndGlobalSection
	GlobalSection(SolutionProperties) = preSolution
		HideSolutionNode = FALSE
	EndGlobalSection
	GlobalSection(ExtensibilityGlobals) = postSolution
		SolutionGuid = {ECE5BB2C-53D0-4C99-8837-E20E44A85A84}
	EndGlobalSection
EndGlobal
